
Microsoft Visual Studio Solution File, Format Version 12.00
Project("{FAE04EC0-301F-11D3-BF4B-00C04F79EFBC}") = "AdventOfCode2024", "AdventOfCode2024\AdventOfCode2024.csproj", "{BE82BAF4-732E-4FAF-9ACF-9472C939C8E6}"
EndProject
Global
	GlobalSection(SolutionConfigurationPlatforms) = preSolution
		Debug|Any CPU = Debug|Any CPU
		Release|Any CPU = Release|Any CPU
	EndGlobalSection
	GlobalSection(ProjectConfigurationPlatforms) = postSolution
		{BE82BAF4-732E-4FAF-9ACF-9472C939C8E6}.Debug|Any CPU.ActiveCfg = Debug|Any CPU
		{BE82BAF4-732E-4FAF-9ACF-9472C939C8E6}.Debug|Any CPU.Build.0 = Debug|Any CPU
		{BE82BAF4-732E-4FAF-9ACF-9472C939C8E6}.Release|Any CPU.ActiveCfg = Release|Any CPU
		{BE82BAF4-732E-4FAF-9ACF-9472C939C8E6}.Release|Any CPU.Build.0 = Release|Any CPU
	EndGlobalSection
EndGlobal
